
Microsoft Visual Studio Solution File, Format Version 12.00
# Visual Studio Version 16
VisualStudioVersion = 16.0.31624.102
MinimumVisualStudioVersion = 10.0.40219.1
Project("{FAE04EC0-301F-11D3-BF4B-00C04F79EFBC}") = "ADOPM3_CodeExercises", "ADOPM3_CodeExercises\ADOPM3_CodeExercises.csproj", "{2D0036E2-6DB9-4910-B824-861F5C047E62}"
EndProject
Project("{FAE04EC0-301F-11D3-BF4B-00C04F79EFBC}") = "Streams", "Streams\Streams.csproj", "{9695DC4C-C86E-40CA-9370-5D3CF892D12A}"
EndProject
Global
	GlobalSection(SolutionConfigurationPlatforms) = preSolution
		Debug|Any CPU = Debug|Any CPU
		Release|Any CPU = Release|Any CPU
	EndGlobalSection
	GlobalSection(ProjectConfigurationPlatforms) = postSolution
		{2D0036E2-6DB9-4910-B824-861F5C047E62}.Debug|Any CPU.ActiveCfg = Debug|Any CPU
		{2D0036E2-6DB9-4910-B824-861F5C047E62}.Debug|Any CPU.Build.0 = Debug|Any CPU
		{2D0036E2-6DB9-4910-B824-861F5C047E62}.Release|Any CPU.ActiveCfg = Release|Any CPU
		{2D0036E2-6DB9-4910-B824-861F5C047E62}.Release|Any CPU.Build.0 = Release|Any CPU
		{9695DC4C-C86E-40CA-9370-5D3CF892D12A}.Debug|Any CPU.ActiveCfg = Debug|Any CPU
		{9695DC4C-C86E-40CA-9370-5D3CF892D12A}.Debug|Any CPU.Build.0 = Debug|Any CPU
		{9695DC4C-C86E-40CA-9370-5D3CF892D12A}.Release|Any CPU.ActiveCfg = Release|Any CPU
		{9695DC4C-C86E-40CA-9370-5D3CF892D12A}.Release|Any CPU.Build.0 = Release|Any CPU
	EndGlobalSection
	GlobalSection(SolutionProperties) = preSolution
		HideSolutionNode = FALSE
	EndGlobalSection
	GlobalSection(ExtensibilityGlobals) = postSolution
		SolutionGuid = {FB1613F1-18C6-48CB-A3AD-D56D025069B4}
	EndGlobalSection
EndGlobal
